
Microsoft Visual Studio Solution File, Format Version 12.00
# Visual Studio Version 17
VisualStudioVersion = 17.6.33801.468
MinimumVisualStudioVersion = 10.0.40219.1
Project("{2150E333-8FDC-42A3-9474-1A3956D46DE8}") = "Common", "Common", "{315B0047-A511-45AE-B1AC-2719DA7C738E}"
EndProject
Project("{2150E333-8FDC-42A3-9474-1A3956D46DE8}") = "Data", "Data", "{F1CF0CB7-270D-4182-9021-5FDF0169C648}"
EndProject
Project("{2150E333-8FDC-42A3-9474-1A3956D46DE8}") = "Services", "Services", "{FB94636C-C016-4B05-BF8B-9A3BC0852DC9}"
EndProject
Project("{2150E333-8FDC-42A3-9474-1A3956D46DE8}") = "UI", "UI", "{E66F6C1F-F7BF-476D-81CF-89AAEE9A7997}"
EndProject
Project("{2150E333-8FDC-42A3-9474-1A3956D46DE8}") = "Tests", "Tests", "{E44C46A6-CB25-469E-BDF3-1F11A8E135D9}"
EndProject
Project("{9A19103F-16F7-4668-BE54-9A1E7A4F7556}") = "QuestionsWeb.Domain", "Common\QuestionsWeb.Domain\QuestionsWeb.Domain.csproj", "{E2623224-35D1-45C7-8A53-2F0E3B8576FF}"
EndProject
Project("{9A19103F-16F7-4668-BE54-9A1E7A4F7556}") = "QuestionsWeb.DAL", "Data\QuestionsWeb.DAL\QuestionsWeb.DAL.csproj", "{376608B7-C39C-4608-B1F8-A16453D58DAB}"
EndProject
Project("{9A19103F-16F7-4668-BE54-9A1E7A4F7556}") = "QuestionsWeb", "UI\QuestionsWeb\QuestionsWeb.csproj", "{0F6C3C6D-CCE2-4418-988D-C96D9B5047AB}"
EndProject
Project("{FAE04EC0-301F-11D3-BF4B-00C04F79EFBC}") = "QuestionsWeb.Interfaces", "Services\QuestionsWeb.Interfaces\QuestionsWeb.Interfaces.csproj", "{455C22F4-BEA1-4FC9-A12E-C82028914E91}"
EndProject
Project("{FAE04EC0-301F-11D3-BF4B-00C04F79EFBC}") = "QuestionsWeb.Services", "Services\QuestionsWeb.Services\QuestionsWeb.Services.csproj", "{873EDF33-90E2-41D5-A008-3E56A7BD493F}"
EndProject
Global
	GlobalSection(SolutionConfigurationPlatforms) = preSolution
		Debug|Any CPU = Debug|Any CPU
		Release|Any CPU = Release|Any CPU
	EndGlobalSection
	GlobalSection(ProjectConfigurationPlatforms) = postSolution
		{E2623224-35D1-45C7-8A53-2F0E3B8576FF}.Debug|Any CPU.ActiveCfg = Debug|Any CPU
		{E2623224-35D1-45C7-8A53-2F0E3B8576FF}.Debug|Any CPU.Build.0 = Debug|Any CPU
		{E2623224-35D1-45C7-8A53-2F0E3B8576FF}.Release|Any CPU.ActiveCfg = Release|Any CPU
		{E2623224-35D1-45C7-8A53-2F0E3B8576FF}.Release|Any CPU.Build.0 = Release|Any CPU
		{376608B7-C39C-4608-B1F8-A16453D58DAB}.Debug|Any CPU.ActiveCfg = Debug|Any CPU
		{376608B7-C39C-4608-B1F8-A16453D58DAB}.Debug|Any CPU.Build.0 = Debug|Any CPU
		{376608B7-C39C-4608-B1F8-A16453D58DAB}.Release|Any CPU.ActiveCfg = Release|Any CPU
		{376608B7-C39C-4608-B1F8-A16453D58DAB}.Release|Any CPU.Build.0 = Release|Any CPU
		{0F6C3C6D-CCE2-4418-988D-C96D9B5047AB}.Debug|Any CPU.ActiveCfg = Debug|Any CPU
		{0F6C3C6D-CCE2-4418-988D-C96D9B5047AB}.Debug|Any CPU.Build.0 = Debug|Any CPU
		{0F6C3C6D-CCE2-4418-988D-C96D9B5047AB}.Release|Any CPU.ActiveCfg = Release|Any CPU
		{0F6C3C6D-CCE2-4418-988D-C96D9B5047AB}.Release|Any CPU.Build.0 = Release|Any CPU
		{455C22F4-BEA1-4FC9-A12E-C82028914E91}.Debug|Any CPU.ActiveCfg = Debug|Any CPU
		{455C22F4-BEA1-4FC9-A12E-C82028914E91}.Debug|Any CPU.Build.0 = Debug|Any CPU
		{455C22F4-BEA1-4FC9-A12E-C82028914E91}.Release|Any CPU.ActiveCfg = Release|Any CPU
		{455C22F4-BEA1-4FC9-A12E-C82028914E91}.Release|Any CPU.Build.0 = Release|Any CPU
		{873EDF33-90E2-41D5-A008-3E56A7BD493F}.Debug|Any CPU.ActiveCfg = Debug|Any CPU
		{873EDF33-90E2-41D5-A008-3E56A7BD493F}.Debug|Any CPU.Build.0 = Debug|Any CPU
		{873EDF33-90E2-41D5-A008-3E56A7BD493F}.Release|Any CPU.ActiveCfg = Release|Any CPU
		{873EDF33-90E2-41D5-A008-3E56A7BD493F}.Release|Any CPU.Build.0 = Release|Any CPU
	EndGlobalSection
	GlobalSection(SolutionProperties) = preSolution
		HideSolutionNode = FALSE
	EndGlobalSection
	GlobalSection(NestedProjects) = preSolution
		{E2623224-35D1-45C7-8A53-2F0E3B8576FF} = {315B0047-A511-45AE-B1AC-2719DA7C738E}
		{376608B7-C39C-4608-B1F8-A16453D58DAB} = {F1CF0CB7-270D-4182-9021-5FDF0169C648}
		{0F6C3C6D-CCE2-4418-988D-C96D9B5047AB} = {E66F6C1F-F7BF-476D-81CF-89AAEE9A7997}
		{455C22F4-BEA1-4FC9-A12E-C82028914E91} = {FB94636C-C016-4B05-BF8B-9A3BC0852DC9}
		{873EDF33-90E2-41D5-A008-3E56A7BD493F} = {FB94636C-C016-4B05-BF8B-9A3BC0852DC9}
	EndGlobalSection
	GlobalSection(ExtensibilityGlobals) = postSolution
		SolutionGuid = {5A809BAB-F97A-4ECB-ABE4-08EF53D461A1}
	EndGlobalSection
EndGlobal
